{
  "../foundry-dao/lib/forge-std": {
    "rev": "8bbcf6e3f8f62f419e5429a0bd89331c85c37824"
  },
  "../foundry-dao/lib/openzeppelin-contracts": {
    "rev": "c64a1edb67b6e3f4a15cca8909c9482ad33a02b0"
  },
  "../foundry-merkle-airdrop/lib/forge-std": {
    "rev": "8bbcf6e3f8f62f419e5429a0bd89331c85c37824"
  },
  "../foundry-merkle-airdrop/lib/foundry-devops": {
    "rev": "efff097a87e70c3d15661c9f2a2daeae0b33d5d5"
  },
  "../foundry-merkle-airdrop/lib/murky": {
    "rev": "5feccd1253d7da820f7cccccdedf64471025455d"
  },
  "../foundry-merkle-airdrop/lib/openzeppelin-contracts": {
    "rev": "c64a1edb67b6e3f4a15cca8909c9482ad33a02b0"
  },
  "../foundry-upgrades-contracts/lib/forge-std": {
    "rev": "8bbcf6e3f8f62f419e5429a0bd89331c85c37824"
  },
  "../foundry-upgrades-contracts/lib/foundry-devops": {
    "rev": "efff097a87e70c3d15661c9f2a2daeae0b33d5d5"
  },
  "../foundry-upgrades-contracts/lib/openzeppelin-contracts": {
    "rev": "c64a1edb67b6e3f4a15cca8909c9482ad33a02b0"
  },
  "../foundry-upgrades-contracts/lib/openzeppelin-contracts-upgradeable": {
    "rev": "e725abddf1e01cf05ace496e950fc8e243cc7cab"
  },
  "lib/ccip": {
    "rev": "8c94ed47c5a437cd51921b42b907cb6364882023"
  },
  "lib/chainlink-ccip": {
    "rev": "76e3647a648bd4b8cc483515ed13bc111e5fb16b"
  },
  "lib/chainlink-local": {
    "tag": {
      "name": "v0.2.6",
      "rev": "b6a895041b3e18e4e3568182249d739625718419"
    }
  },
  "lib/forge-std": {
    "rev": "77041d2ce690e692d6e03cc812b57d1ddaa4d505"
  },
  "lib/openzeppelin-contracts": {
    "rev": "99eda2225c0246c265c902475c47ec0c6321f119"
  }
}